// !$*UTF8*$!
{
	archiveVersion = 1;
	classes = {
	};
	objectVersion = 46;
	objects = {

/* Begin PBXBuildFile section */
		3A0D03111CCDCD3100D897C4 /* main.m in Sources */ = {isa = PBXBuildFile; fileRef = 3A0D03101CCDCD3100D897C4 /* main.m */; };
		3A0D03141CCDCD3100D897C4 /* AppDelegate.m in Sources */ = {isa = PBXBuildFile; fileRef = 3A0D03131CCDCD3100D897C4 /* AppDelegate.m */; };
		3A0D03171CCDCD3100D897C4 /* ViewController.m in Sources */ = {isa = PBXBuildFile; fileRef = 3A0D03161CCDCD3100D897C4 /* ViewController.m */; };
		3A0D031A1CCDCD3100D897C4 /* Main.storyboard in Resources */ = {isa = PBXBuildFile; fileRef = 3A0D03181CCDCD3100D897C4 /* Main.storyboard */; };
		3A0D031C1CCDCD3100D897C4 /* Assets.xcassets in Resources */ = {isa = PBXBuildFile; fileRef = 3A0D031B1CCDCD3100D897C4 /* Assets.xcassets */; };
		3A0D031F1CCDCD3100D897C4 /* LaunchScreen.storyboard in Resources */ = {isa = PBXBuildFile; fileRef = 3A0D031D1CCDCD3100D897C4 /* LaunchScreen.storyboard */; };
		3A0D032A1CCDCD3100D897C4 /* CornerRadiusTests.m in Sources */ = {isa = PBXBuildFile; fileRef = 3A0D03291CCDCD3100D897C4 /* CornerRadiusTests.m */; };
		3A0D03351CCDCD3100D897C4 /* CornerRadiusUITests.m in Sources */ = {isa = PBXBuildFile; fileRef = 3A0D03341CCDCD3100D897C4 /* CornerRadiusUITests.m */; };
		3A0D03441CCDCE4200D897C4 /* UIView+CornerRadius.m in Sources */ = {isa = PBXBuildFile; fileRef = 3A0D03431CCDCE4200D897C4 /* UIView+CornerRadius.m */; };
/* End PBXBuildFile section */

/* Begin PBXContainerItemProxy section */
		3A0D03261CCDCD3100D897C4 /* PBXContainerItemProxy */ = {
			isa = PBXContainerItemProxy;
			containerPortal = 3A0D03041CCDCD3100D897C4 /* Project object */;
			proxyType = 1;
			remoteGlobalIDString = 3A0D030B1CCDCD3100D897C4;
			remoteInfo = CornerRadius;
		};
		3A0D03311CCDCD3100D897C4 /* PBXContainerItemProxy */ = {
			isa = PBXContainerItemProxy;
			containerPortal = 3A0D03041CCDCD3100D897C4 /* Project object */;
			proxyType = 1;
			remoteGlobalIDString = 3A0D030B1CCDCD3100D897C4;
			remoteInfo = CornerRadius;
		};
/* End PBXContainerItemProxy section */

/* Begin PBXFileReference section */
		3A0D030C1CCDCD3100D897C4 /* CornerRadius.app */ = {isa = PBXFileReference; explicitFileType = wrapper.application; includeInIndex = 0; path = CornerRadius.app; sourceTree = BUILT_PRODUCTS_DIR; };
		3A0D03101CCDCD3100D897C4 /* main.m */ = {isa = PBXFileReference; lastKnownFileType = sourcecode.c.objc; path = main.m; sourceTree = "<group>"; };
		3A0D03121CCDCD3100D897C4 /* AppDelegate.h */ = {isa = PBXFileReference; lastKnownFileType = sourcecode.c.h; path = AppDelegate.h; sourceTree = "<group>"; };
		3A0D03131CCDCD3100D897C4 /* AppDelegate.m */ = {isa = PBXFileReference; lastKnownFileType = sourcecode.c.objc; path = AppDelegate.m; sourceTree = "<group>"; };
		3A0D03151CCDCD3100D897C4 /* ViewController.h */ = {isa = PBXFileReference; lastKnownFileType = sourcecode.c.h; path = ViewController.h; sourceTree = "<group>"; };
		3A0D03161CCDCD3100D897C4 /* ViewController.m */ = {isa = PBXFileReference; lastKnownFileType = sourcecode.c.objc; path = ViewController.m; sourceTree = "<group>"; };
		3A0D03191CCDCD3100D897C4 /* Base */ = {isa = PBXFileReference; lastKnownFileType = file.storyboard; name = Base; path = Base.lproj/Main.storyboard; sourceTree = "<group>"; };
		3A0D031B1CCDCD3100D897C4 /* Assets.xcassets */ = {isa = PBXFileReference; lastKnownFileType = folder.assetcatalog; path = Assets.xcassets; sourceTree = "<group>"; };
		3A0D031E1CCDCD3100D897C4 /* Base */ = {isa = PBXFileReference; lastKnownFileType = file.storyboard; name = Base; path = Base.lproj/LaunchScreen.storyboard; sourceTree = "<group>"; };
		3A0D03201CCDCD3100D897C4 /* Info.plist */ = {isa = PBXFileReference; lastKnownFileType = text.plist.xml; path = Info.plist; sourceTree = "<group>"; };
		3A0D03251CCDCD3100D897C4 /* CornerRadiusTests.xctest */ = {isa = PBXFileReference; explicitFileType = wrapper.cfbundle; includeInIndex = 0; path = CornerRadiusTests.xctest; sourceTree = BUILT_PRODUCTS_DIR; };
		3A0D03291CCDCD3100D897C4 /* CornerRadiusTests.m */ = {isa = PBXFileReference; lastKnownFileType = sourcecode.c.objc; path = CornerRadiusTests.m; sourceTree = "<group>"; };
		3A0D032B1CCDCD3100D897C4 /* Info.plist */ = {isa = PBXFileReference; lastKnownFileType = text.plist.xml; path = Info.plist; sourceTree = "<group>"; };
		3A0D03301CCDCD3100D897C4 /* CornerRadiusUITests.xctest */ = {isa = PBXFileReference; explicitFileType = wrapper.cfbundle; includeInIndex = 0; path = CornerRadiusUITests.xctest; sourceTree = BUILT_PRODUCTS_DIR; };
		3A0D03341CCDCD3100D897C4 /* CornerRadiusUITests.m */ = {isa = PBXFileReference; lastKnownFileType = sourcecode.c.objc; path = CornerRadiusUITests.m; sourceTree = "<group>"; };
		3A0D03361CCDCD3100D897C4 /* Info.plist */ = {isa = PBXFileReference; lastKnownFileType = text.plist.xml; path = Info.plist; sourceTree = "<group>"; };
		3A0D03421CCDCE4200D897C4 /* UIView+CornerRadius.h */ = {isa = PBXFileReference; fileEncoding = 4; lastKnownFileType = sourcecode.c.h; path = "UIView+CornerRadius.h"; sourceTree = "<group>"; };
		3A0D03431CCDCE4200D897C4 /* UIView+CornerRadius.m */ = {isa = PBXFileReference; fileEncoding = 4; lastKnownFileType = sourcecode.c.objc; path = "UIView+CornerRadius.m"; sourceTree = "<group>"; };
/* End PBXFileReference section */

/* Begin PBXFrameworksBuildPhase section */
		3A0D03091CCDCD3100D897C4 /* Frameworks */ = {
			isa = PBXFrameworksBuildPhase;
			buildActionMask = 2147483647;
			files = (
			);
			runOnlyForDeploymentPostprocessing = 0;
		};
		3A0D03221CCDCD3100D897C4 /* Frameworks */ = {
			isa = PBXFrameworksBuildPhase;
			buildActionMask = 2147483647;
			files = (
			);
			runOnlyForDeploymentPostprocessing = 0;
		};
		3A0D032D1CCDCD3100D897C4 /* Frameworks */ = {
			isa = PBXFrameworksBuildPhase;
			buildActionMask = 2147483647;
			files = (
			);
			runOnlyForDeploymentPostprocessing = 0;
		};
/* End PBXFrameworksBuildPhase section */

/* Begin PBXGroup section */
		3A0D03031CCDCD3100D897C4 = {
			isa = PBXGroup;
			children = (
				3A0D030E1CCDCD3100D897C4 /* CornerRadius */,
				3A0D03281CCDCD3100D897C4 /* CornerRadiusTests */,
				3A0D03331CCDCD3100D897C4 /* CornerRadiusUITests */,
				3A0D030D1CCDCD3100D897C4 /* Products */,
			);
			sourceTree = "<group>";
		};
		3A0D030D1CCDCD3100D897C4 /* Products */ = {
			isa = PBXGroup;
			children = (
				3A0D030C1CCDCD3100D897C4 /* CornerRadius.app */,
				3A0D03251CCDCD3100D897C4 /* CornerRadiusTests.xctest */,
				3A0D03301CCDCD3100D897C4 /* CornerRadiusUITests.xctest */,
			);
			name = Products;
			sourceTree = "<group>";
		};
		3A0D030E1CCDCD3100D897C4 /* CornerRadius */ = {
			isa = PBXGroup;
			children = (
				3A0D03421CCDCE4200D897C4 /* UIView+CornerRadius.h */,
				3A0D03431CCDCE4200D897C4 /* UIView+CornerRadius.m */,
				3A0D03121CCDCD3100D897C4 /* AppDelegate.h */,
				3A0D03131CCDCD3100D897C4 /* AppDelegate.m */,
				3A0D03151CCDCD3100D897C4 /* ViewController.h */,
				3A0D03161CCDCD3100D897C4 /* ViewController.m */,
				3A0D03181CCDCD3100D897C4 /* Main.storyboard */,
				3A0D031B1CCDCD3100D897C4 /* Assets.xcassets */,
				3A0D031D1CCDCD3100D897C4 /* LaunchScreen.storyboard */,
				3A0D03201CCDCD3100D897C4 /* Info.plist */,
				3A0D030F1CCDCD3100D897C4 /* Supporting Files */,
			);
			path = CornerRadius;
			sourceTree = "<group>";
		};
		3A0D030F1CCDCD3100D897C4 /* Supporting Files */ = {
			isa = PBXGroup;
			children = (
				3A0D03101CCDCD3100D897C4 /* main.m */,
			);
			name = "Supporting Files";
			sourceTree = "<group>";
		};
		3A0D03281CCDCD3100D897C4 /* CornerRadiusTests */ = {
			isa = PBXGroup;
			children = (
				3A0D03291CCDCD3100D897C4 /* CornerRadiusTests.m */,
				3A0D032B1CCDCD3100D897C4 /* Info.plist */,
			);
			path = CornerRadiusTests;
			sourceTree = "<group>";
		};
		3A0D03331CCDCD3100D897C4 /* CornerRadiusUITests */ = {
			isa = PBXGroup;
			children = (
				3A0D03341CCDCD3100D897C4 /* CornerRadiusUITests.m */,
				3A0D03361CCDCD3100D897C4 /* Info.plist */,
			);
			path = CornerRadiusUITests;
			sourceTree = "<group>";
		};
/* End PBXGroup section */

/* Begin PBXNativeTarget section */
		3A0D030B1CCDCD3100D897C4 /* CornerRadius */ = {
			isa = PBXNativeTarget;
			buildConfigurationList = 3A0D03391CCDCD3100D897C4 /* Build configuration list for PBXNativeTarget "CornerRadius" */;
			buildPhases = (
				3A0D03081CCDCD3100D897C4 /* Sources */,
				3A0D03091CCDCD3100D897C4 /* Frameworks */,
				3A0D030A1CCDCD3100D897C4 /* Resources */,
			);
			buildRules = (
			);
			dependencies = (
			);
			name = CornerRadius;
			productName = CornerRadius;
			productReference = 3A0D030C1CCDCD3100D897C4 /* CornerRadius.app */;
			productType = "com.apple.product-type.application";
		};
		3A0D03241CCDCD3100D897C4 /* CornerRadiusTests */ = {
			isa = PBXNativeTarget;
			buildConfigurationList = 3A0D033C1CCDCD3100D897C4 /* Build configuration list for PBXNativeTarget "CornerRadiusTests" */;
			buildPhases = (
				3A0D03211CCDCD3100D897C4 /* Sources */,
				3A0D03221CCDCD3100D897C4 /* Frameworks */,
				3A0D03231CCDCD3100D897C4 /* Resources */,
			);
			buildRules = (
			);
			dependencies = (
				3A0D03271CCDCD3100D897C4 /* PBXTargetDependency */,
			);
			name = CornerRadiusTests;
			productName = CornerRadiusTests;
			productReference = 3A0D03251CCDCD3100D897C4 /* CornerRadiusTests.xctest */;
			productType = "com.apple.product-type.bundle.unit-test";
		};
		3A0D032F1CCDCD3100D897C4 /* CornerRadiusUITests */ = {
			isa = PBXNativeTarget;
			buildConfigurationList = 3A0D033F1CCDCD3100D897C4 /* Build configuration list for PBXNativeTarget "CornerRadiusUITests" */;
			buildPhases = (
				3A0D032C1CCDCD3100D897C4 /* Sources */,
				3A0D032D1CCDCD3100D897C4 /* Frameworks */,
				3A0D032E1CCDCD3100D897C4 /* Resources */,
			);
			buildRules = (
			);
			dependencies = (
				3A0D03321CCDCD3100D897C4 /* PBXTargetDependency */,
			);
			name = CornerRadiusUITests;
			productName = CornerRadiusUITests;
			productReference = 3A0D03301CCDCD3100D897C4 /* CornerRadiusUITests.xctest */;
			productType = "com.apple.product-type.bundle.ui-testing";
		};
/* End PBXNativeTarget section */

/* Begin PBXProject section */
		3A0D03041CCDCD3100D897C4 /* Project object */ = {
			isa = PBXProject;
			attributes = {
				LastUpgradeCheck = 0730;
				ORGANIZATIONNAME = "Liu Bo";
				TargetAttributes = {
					3A0D030B1CCDCD3100D897C4 = {
						CreatedOnToolsVersion = 7.3;
					};
					3A0D03241CCDCD3100D897C4 = {
						CreatedOnToolsVersion = 7.3;
						TestTargetID = 3A0D030B1CCDCD3100D897C4;
					};
					3A0D032F1CCDCD3100D897C4 = {
						CreatedOnToolsVersion = 7.3;
						TestTargetID = 3A0D030B1CCDCD3100D897C4;
					};
				};
			};
			buildConfigurationList = 3A0D03071CCDCD3100D897C4 /* Build configuration list for PBXProject "CornerRadius" */;
			compatibilityVersion = "Xcode 3.2";
			developmentRegion = English;
			hasScannedForEncodings = 0;
			knownRegions = (
				en,
				Base,
			);
			mainGroup = 3A0D03031CCDCD3100D897C4;
			productRefGroup = 3A0D030D1CCDCD3100D897C4 /* Products */;
			projectDirPath = "";
			projectRoot = "";
			targets = (
				3A0D030B1CCDCD3100D897C4 /* CornerRadius */,
				3A0D03241CCDCD3100D897C4 /* CornerRadiusTests */,
				3A0D032F1CCDCD3100D897C4 /* CornerRadiusUITests */,
			);
		};
/* End PBXProject section */

/* Begin PBXResourcesBuildPhase section */
		3A0D030A1CCDCD3100D897C4 /* Resources */ = {
			isa = PBXResourcesBuildPhase;
			buildActionMask = 2147483647;
			files = (
				3A0D031F1CCDCD3100D897C4 /* LaunchScreen.storyboard in Resources */,
				3A0D031C1CCDCD3100D897C4 /* Assets.xcassets in Resources */,
				3A0D031A1CCDCD3100D897C4 /* Main.storyboard in Resources */,
			);
			runOnlyForDeploymentPostprocessing = 0;
		};
		3A0D03231CCDCD3100D897C4 /* Resources */ = {
			isa = PBXResourcesBuildPhase;
			buildActionMask = 2147483647;
			files = (
			);
			runOnlyForDeploymentPostprocessing = 0;
		};
		3A0D032E1CCDCD3100D897C4 /* Resources */ = {
			isa = PBXResourcesBuildPhase;
			buildActionMask = 2147483647;
			files = (
			);
			runOnlyForDeploymentPostprocessing = 0;
		};
/* End PBXResourcesBuildPhase section */

/* Begin PBXSourcesBuildPhase section */
		3A0D03081CCDCD3100D897C4 /* Sources */ = {
			isa = PBXSourcesBuildPhase;
			buildActionMask = 2147483647;
			files = (
				3A0D03171CCDCD3100D897C4 /* ViewController.m in Sources */,
				3A0D03441CCDCE4200D897C4 /* UIView+CornerRadius.m in Sources */,
				3A0D03141CCDCD3100D897C4 /* AppDelegate.m in Sources */,
				3A0D03111CCDCD3100D897C4 /* main.m in Sources */,
			);
			runOnlyForDeploymentPostprocessing = 0;
		};
		3A0D03211CCDCD3100D897C4 /* Sources */ = {
			isa = PBXSourcesBuildPhase;
			buildActionMask = 2147483647;
			files = (
				3A0D032A1CCDCD3100D897C4 /* CornerRadiusTests.m in Sources */,
			);
			runOnlyForDeploymentPostprocessing = 0;
		};
		3A0D032C1CCDCD3100D897C4 /* Sources */ = {
			isa = PBXSourcesBuildPhase;
			buildActionMask = 2147483647;
			files = (
				3A0D03351CCDCD3100D897C4 /* CornerRadiusUITests.m in Sources */,
			);
			runOnlyForDeploymentPostprocessing = 0;
		};
/* End PBXSourcesBuildPhase section */

/* Begin PBXTargetDependency section */
		3A0D03271CCDCD3100D897C4 /* PBXTargetDependency */ = {
			isa = PBXTargetDependency;
			target = 3A0D030B1CCDCD3100D897C4 /* CornerRadius */;
			targetProxy = 3A0D03261CCDCD3100D897C4 /* PBXContainerItemProxy */;
		};
		3A0D03321CCDCD3100D897C4 /* PBXTargetDependency */ = {
			isa = PBXTargetDependency;
			target = 3A0D030B1CCDCD3100D897C4 /* CornerRadius */;
			targetProxy = 3A0D03311CCDCD3100D897C4 /* PBXContainerItemProxy */;
		};
/* End PBXTargetDependency section */

/* Begin PBXVariantGroup section */
		3A0D03181CCDCD3100D897C4 /* Main.storyboard */ = {
			isa = PBXVariantGroup;
			children = (
				3A0D03191CCDCD3100D897C4 /* Base */,
			);
			name = Main.storyboard;
			sourceTree = "<group>";
		};
		3A0D031D1CCDCD3100D897C4 /* LaunchScreen.storyboard */ = {
			isa = PBXVariantGroup;
			children = (
				3A0D031E1CCDCD3100D897C4 /* Base */,
			);
			name = LaunchScreen.storyboard;
			sourceTree = "<group>";
		};
/* End PBXVariantGroup section */

/* Begin XCBuildConfiguration section */
		3A0D03371CCDCD3100D897C4 /* Debug */ = {
			isa = XCBuildConfiguration;
			buildSettings = {
				ALWAYS_SEARCH_USER_PATHS = NO;
				CLANG_ANALYZER_NONNULL = YES;
				CLANG_CXX_LANGUAGE_STANDARD = "gnu++0x";
				CLANG_CXX_LIBRARY = "libc++";
				CLANG_ENABLE_MODULES = YES;
				CLANG_ENABLE_OBJC_ARC = YES;
				CLANG_WARN_BOOL_CONVERSION = YES;
				CLANG_WARN_CONSTANT_CONVERSION = YES;
				CLANG_WARN_DIRECT_OBJC_ISA_USAGE = YES_ERROR;
				CLANG_WARN_EMPTY_BODY = YES;
				CLANG_WARN_ENUM_CONVERSION = YES;
				CLANG_WARN_INT_CONVERSION = YES;
				CLANG_WARN_OBJC_ROOT_CLASS = YES_ERROR;
				CLANG_WARN_UNREACHABLE_CODE = YES;
				CLANG_WARN__DUPLICATE_METHOD_MATCH = YES;
				"CODE_SIGN_IDENTITY[sdk=iphoneos*]" = "iPhone Developer";
				COPY_PHASE_STRIP = NO;
				DEBUG_INFORMATION_FORMAT = dwarf;
				ENABLE_STRICT_OBJC_MSGSEND = YES;
				ENABLE_TESTABILITY = YES;
				GCC_C_LANGUAGE_STANDARD = gnu99;
				GCC_DYNAMIC_NO_PIC = NO;
				GCC_NO_COMMON_BLOCKS = YES;
				GCC_OPTIMIZATION_LEVEL = 0;
				GCC_PREPROCESSOR_DEFINITIONS = (
					"DEBUG=1",
					"$(inherited)",
				);
				GCC_WARN_64_TO_32_BIT_CONVERSION = YES;
				GCC_WARN_ABOUT_RETURN_TYPE = YES_ERROR;
				GCC_WARN_UNDECLARED_SELECTOR = YES;
				GCC_WARN_UNINITIALIZED_AUTOS = YES_AGGRESSIVE;
				GCC_WARN_UNUSED_FUNCTION = YES;
				GCC_WARN_UNUSED_VARIABLE = YES;
				IPHONEOS_DEPLOYMENT_TARGET = 9.3;
				MTL_ENABLE_DEBUG_INFO = YES;
				ONLY_ACTIVE_ARCH = YES;
				SDKROOT = iphoneos;
				TARGETED_DEVICE_FAMILY = "1,2";
			};
			name = Debug;
		};
		3A0D03381CCDCD3100D897C4 /* Release */ = {
			isa = XCBuildConfiguration;
			buildSettings = {
				ALWAYS_SEARCH_USER_PATHS = NO;
				CLANG_ANALYZER_NONNULL = YES;
				CLANG_CXX_LANGUAGE_STANDARD = "gnu++0x";
				CLANG_CXX_LIBRARY = "libc++";
				CLANG_ENABLE_MODULES = YES;
				CLANG_ENABLE_OBJC_ARC = YES;
				CLANG_WARN_BOOL_CONVERSION = YES;
				CLANG_WARN_CONSTANT_CONVERSION = YES;
				CLANG_WARN_DIRECT_OBJC_ISA_USAGE = YES_ERROR;
				CLANG_WARN_EMPTY_BODY = YES;
				CLANG_WARN_ENUM_CONVERSION = YES;
				CLANG_WARN_INT_CONVERSION = YES;
				CLANG_WARN_OBJC_ROOT_CLASS = YES_ERROR;
				CLANG_WARN_UNREACHABLE_CODE = YES;
				CLANG_WARN__DUPLICATE_METHOD_MATCH = YES;
				"CODE_SIGN_IDENTITY[sdk=iphoneos*]" = "iPhone Developer";
				COPY_PHASE_STRIP = NO;
				DEBUG_INFORMATION_FORMAT = "dwarf-with-dsym";
				ENABLE_NS_ASSERTIONS = NO;
				ENABLE_STRICT_OBJC_MSGSEND = YES;
				GCC_C_LANGUAGE_STANDARD = gnu99;
				GCC_NO_COMMON_BLOCKS = YES;
				GCC_WARN_64_TO_32_BIT_CONVERSION = YES;
				GCC_WARN_ABOUT_RETURN_TYPE = YES_ERROR;
				GCC_WARN_UNDECLARED_SELECTOR = YES;
				GCC_WARN_UNINITIALIZED_AUTOS = YES_AGGRESSIVE;
				GCC_WARN_UNUSED_FUNCTION = YES;
				GCC_WARN_UNUSED_VARIABLE = YES;
				IPHONEOS_DEPLOYMENT_TARGET = 9.3;
				MTL_ENABLE_DEBUG_INFO = NO;
				SDKROOT = iphoneos;
				TARGETED_DEVICE_FAMILY = "1,2";
				VALIDATE_PRODUCT = YES;
			};
			name = Release;
		};
		3A0D033A1CCDCD3100D897C4 /* Debug */ = {
			isa = XCBuildConfiguration;
			buildSettings = {
				ASSETCATALOG_COMPILER_APPICON_NAME = AppIcon;
				INFOPLIST_FILE = CornerRadius/Info.plist;
				LD_RUNPATH_SEARCH_PATHS = "$(inherited) @executable_path/Frameworks";
				PRODUCT_BUNDLE_IDENTIFIER = BlackBones.CornerRadius;
				PRODUCT_NAME = "$(TARGET_NAME)";
			};
			name = Debug;
		};
		3A0D033B1CCDCD3100D897C4 /* Release */ = {
			isa = XCBuildConfiguration;
			buildSettings = {
				ASSETCATALOG_COMPILER_APPICON_NAME = AppIcon;
				INFOPLIST_FILE = CornerRadius/Info.plist;
				LD_RUNPATH_SEARCH_PATHS = "$(inherited) @executable_path/Frameworks";
				PRODUCT_BUNDLE_IDENTIFIER = BlackBones.CornerRadius;
				PRODUCT_NAME = "$(TARGET_NAME)";
			};
			name = Release;
		};
		3A0D033D1CCDCD3100D897C4 /* Debug */ = {
			isa = XCBuildConfiguration;
			buildSettings = {
				BUNDLE_LOADER = "$(TEST_HOST)";
				INFOPLIST_FILE = CornerRadiusTests/Info.plist;
				LD_RUNPATH_SEARCH_PATHS = "$(inherited) @executable_path/Frameworks @loader_path/Frameworks";
				PRODUCT_BUNDLE_IDENTIFIER = BlackBones.CornerRadiusTests;
				PRODUCT_NAME = "$(TARGET_NAME)";
				TEST_HOST = "$(BUILT_PRODUCTS_DIR)/CornerRadius.app/CornerRadius";
			};
			name = Debug;
		};
		3A0D033E1CCDCD3100D897C4 /* Release */ = {
			isa = XCBuildConfiguration;
			buildSettings = {
				BUNDLE_LOADER = "$(TEST_HOST)";
				INFOPLIST_FILE = CornerRadiusTests/Info.plist;
				LD_RUNPATH_SEARCH_PATHS = "$(inherited) @executable_path/Frameworks @loader_path/Frameworks";
				PRODUCT_BUNDLE_IDENTIFIER = BlackBones.CornerRadiusTests;
				PRODUCT_NAME = "$(TARGET_NAME)";
				TEST_HOST = "$(BUILT_PRODUCTS_DIR)/CornerRadius.app/CornerRadius";
			};
			name = Release;
		};
		3A0D03401CCDCD3100D897C4 /* Debug */ = {
			isa = XCBuildConfiguration;
			buildSettings = {
				INFOPLIST_FILE = CornerRadiusUITests/Info.plist;
				LD_RUNPATH_SEARCH_PATHS = "$(inherited) @executable_path/Frameworks @loader_path/Frameworks";
				PRODUCT_BUNDLE_IDENTIFIER = BlackBones.CornerRadiusUITests;
				PRODUCT_NAME = "$(TARGET_NAME)";
				TEST_TARGET_NAME = CornerRadius;
			};
			name = Debug;
		};
		3A0D03411CCDCD3100D897C4 /* Release */ = {
			isa = XCBuildConfiguration;
			buildSettings = {
				INFOPLIST_FILE = CornerRadiusUITests/Info.plist;
				LD_RUNPATH_SEARCH_PATHS = "$(inherited) @executable_path/Frameworks @loader_path/Frameworks";
				PRODUCT_BUNDLE_IDENTIFIER = BlackBones.CornerRadiusUITests;
				PRODUCT_NAME = "$(TARGET_NAME)";
				TEST_TARGET_NAME = CornerRadius;
			};
			name = Release;
		};
/* End XCBuildConfiguration section */

/* Begin XCConfigurationList section */
		3A0D03071CCDCD3100D897C4 /* Build configuration list for PBXProject "CornerRadius" */ = {
			isa = XCConfigurationList;
			buildConfigurations = (
				3A0D03371CCDCD3100D897C4 /* Debug */,
				3A0D03381CCDCD3100D897C4 /* Release */,
			);
			defaultConfigurationIsVisible = 0;
			defaultConfigurationName = Release;
		};
		3A0D03391CCDCD3100D897C4 /* Build configuration list for PBXNativeTarget "CornerRadius" */ = {
			isa = XCConfigurationList;
			buildConfigurations = (
				3A0D033A1CCDCD3100D897C4 /* Debug */,
				3A0D033B1CCDCD3100D897C4 /* Release */,
			);
			defaultConfigurationIsVisible = 0;
		};
		3A0D033C1CCDCD3100D897C4 /* Build configuration list for PBXNativeTarget "CornerRadiusTests" */ = {
			isa = XCConfigurationList;
			buildConfigurations = (
				3A0D033D1CCDCD3100D897C4 /* Debug */,
				3A0D033E1CCDCD3100D897C4 /* Release */,
			);
			defaultConfigurationIsVisible = 0;
		};
		3A0D033F1CCDCD3100D897C4 /* Build configuration list for PBXNativeTarget "CornerRadiusUITests" */ = {
			isa = XCConfigurationList;
			buildConfigurations = (
				3A0D03401CCDCD3100D897C4 /* Debug */,
				3A0D03411CCDCD3100D897C4 /* Release */,
			);
			defaultConfigurationIsVisible = 0;
		};
/* End XCConfigurationList section */
	};
	rootObject = 3A0D03041CCDCD3100D897C4 /* Project object */;
}
