// !$*UTF8*$!
{
	archiveVersion = 1;
	classes = {
	};
	objectVersion = 46;
	objects = {

/* Begin PBXBuildFile section */
		3AB9FA6E1CF68D4400B049B0 /* main.m in Sources */ = {isa = PBXBuildFile; fileRef = 3AB9FA6D1CF68D4400B049B0 /* main.m */; };
		3AB9FA711CF68D4400B049B0 /* AppDelegate.m in Sources */ = {isa = PBXBuildFile; fileRef = 3AB9FA701CF68D4400B049B0 /* AppDelegate.m */; };
		3AB9FA741CF68D4400B049B0 /* ViewController.m in Sources */ = {isa = PBXBuildFile; fileRef = 3AB9FA731CF68D4400B049B0 /* ViewController.m */; };
		3AB9FA771CF68D4400B049B0 /* Main.storyboard in Resources */ = {isa = PBXBuildFile; fileRef = 3AB9FA751CF68D4400B049B0 /* Main.storyboard */; };
		3AB9FA791CF68D4500B049B0 /* Assets.xcassets in Resources */ = {isa = PBXBuildFile; fileRef = 3AB9FA781CF68D4500B049B0 /* Assets.xcassets */; };
		3AB9FA7C1CF68D4500B049B0 /* LaunchScreen.storyboard in Resources */ = {isa = PBXBuildFile; fileRef = 3AB9FA7A1CF68D4500B049B0 /* LaunchScreen.storyboard */; };
		3AB9FA871CF68D4500B049B0 /* CountdownButtonTests.m in Sources */ = {isa = PBXBuildFile; fileRef = 3AB9FA861CF68D4500B049B0 /* CountdownButtonTests.m */; };
		3AB9FA921CF68D4500B049B0 /* CountdownButtonUITests.m in Sources */ = {isa = PBXBuildFile; fileRef = 3AB9FA911CF68D4500B049B0 /* CountdownButtonUITests.m */; };
		3AB9FAA11CF68D6300B049B0 /* UIButton+CountDown.m in Sources */ = {isa = PBXBuildFile; fileRef = 3AB9FAA01CF68D6300B049B0 /* UIButton+CountDown.m */; };
/* End PBXBuildFile section */

/* Begin PBXContainerItemProxy section */
		3AB9FA831CF68D4500B049B0 /* PBXContainerItemProxy */ = {
			isa = PBXContainerItemProxy;
			containerPortal = 3AB9FA611CF68D4400B049B0 /* Project object */;
			proxyType = 1;
			remoteGlobalIDString = 3AB9FA681CF68D4400B049B0;
			remoteInfo = CountdownButton;
		};
		3AB9FA8E1CF68D4500B049B0 /* PBXContainerItemProxy */ = {
			isa = PBXContainerItemProxy;
			containerPortal = 3AB9FA611CF68D4400B049B0 /* Project object */;
			proxyType = 1;
			remoteGlobalIDString = 3AB9FA681CF68D4400B049B0;
			remoteInfo = CountdownButton;
		};
/* End PBXContainerItemProxy section */

/* Begin PBXFileReference section */
		3AB9FA691CF68D4400B049B0 /* CountdownButton.app */ = {isa = PBXFileReference; explicitFileType = wrapper.application; includeInIndex = 0; path = CountdownButton.app; sourceTree = BUILT_PRODUCTS_DIR; };
		3AB9FA6D1CF68D4400B049B0 /* main.m */ = {isa = PBXFileReference; lastKnownFileType = sourcecode.c.objc; path = main.m; sourceTree = "<group>"; };
		3AB9FA6F1CF68D4400B049B0 /* AppDelegate.h */ = {isa = PBXFileReference; lastKnownFileType = sourcecode.c.h; path = AppDelegate.h; sourceTree = "<group>"; };
		3AB9FA701CF68D4400B049B0 /* AppDelegate.m */ = {isa = PBXFileReference; lastKnownFileType = sourcecode.c.objc; path = AppDelegate.m; sourceTree = "<group>"; };
		3AB9FA721CF68D4400B049B0 /* ViewController.h */ = {isa = PBXFileReference; lastKnownFileType = sourcecode.c.h; path = ViewController.h; sourceTree = "<group>"; };
		3AB9FA731CF68D4400B049B0 /* ViewController.m */ = {isa = PBXFileReference; lastKnownFileType = sourcecode.c.objc; path = ViewController.m; sourceTree = "<group>"; };
		3AB9FA761CF68D4400B049B0 /* Base */ = {isa = PBXFileReference; lastKnownFileType = file.storyboard; name = Base; path = Base.lproj/Main.storyboard; sourceTree = "<group>"; };
		3AB9FA781CF68D4500B049B0 /* Assets.xcassets */ = {isa = PBXFileReference; lastKnownFileType = folder.assetcatalog; path = Assets.xcassets; sourceTree = "<group>"; };
		3AB9FA7B1CF68D4500B049B0 /* Base */ = {isa = PBXFileReference; lastKnownFileType = file.storyboard; name = Base; path = Base.lproj/LaunchScreen.storyboard; sourceTree = "<group>"; };
		3AB9FA7D1CF68D4500B049B0 /* Info.plist */ = {isa = PBXFileReference; lastKnownFileType = text.plist.xml; path = Info.plist; sourceTree = "<group>"; };
		3AB9FA821CF68D4500B049B0 /* CountdownButtonTests.xctest */ = {isa = PBXFileReference; explicitFileType = wrapper.cfbundle; includeInIndex = 0; path = CountdownButtonTests.xctest; sourceTree = BUILT_PRODUCTS_DIR; };
		3AB9FA861CF68D4500B049B0 /* CountdownButtonTests.m */ = {isa = PBXFileReference; lastKnownFileType = sourcecode.c.objc; path = CountdownButtonTests.m; sourceTree = "<group>"; };
		3AB9FA881CF68D4500B049B0 /* Info.plist */ = {isa = PBXFileReference; lastKnownFileType = text.plist.xml; path = Info.plist; sourceTree = "<group>"; };
		3AB9FA8D1CF68D4500B049B0 /* CountdownButtonUITests.xctest */ = {isa = PBXFileReference; explicitFileType = wrapper.cfbundle; includeInIndex = 0; path = CountdownButtonUITests.xctest; sourceTree = BUILT_PRODUCTS_DIR; };
		3AB9FA911CF68D4500B049B0 /* CountdownButtonUITests.m */ = {isa = PBXFileReference; lastKnownFileType = sourcecode.c.objc; path = CountdownButtonUITests.m; sourceTree = "<group>"; };
		3AB9FA931CF68D4500B049B0 /* Info.plist */ = {isa = PBXFileReference; lastKnownFileType = text.plist.xml; path = Info.plist; sourceTree = "<group>"; };
		3AB9FA9F1CF68D6300B049B0 /* UIButton+CountDown.h */ = {isa = PBXFileReference; fileEncoding = 4; lastKnownFileType = sourcecode.c.h; path = "UIButton+CountDown.h"; sourceTree = "<group>"; };
		3AB9FAA01CF68D6300B049B0 /* UIButton+CountDown.m */ = {isa = PBXFileReference; fileEncoding = 4; lastKnownFileType = sourcecode.c.objc; path = "UIButton+CountDown.m"; sourceTree = "<group>"; };
/* End PBXFileReference section */

/* Begin PBXFrameworksBuildPhase section */
		3AB9FA661CF68D4400B049B0 /* Frameworks */ = {
			isa = PBXFrameworksBuildPhase;
			buildActionMask = 2147483647;
			files = (
			);
			runOnlyForDeploymentPostprocessing = 0;
		};
		3AB9FA7F1CF68D4500B049B0 /* Frameworks */ = {
			isa = PBXFrameworksBuildPhase;
			buildActionMask = 2147483647;
			files = (
			);
			runOnlyForDeploymentPostprocessing = 0;
		};
		3AB9FA8A1CF68D4500B049B0 /* Frameworks */ = {
			isa = PBXFrameworksBuildPhase;
			buildActionMask = 2147483647;
			files = (
			);
			runOnlyForDeploymentPostprocessing = 0;
		};
/* End PBXFrameworksBuildPhase section */

/* Begin PBXGroup section */
		3AB9FA601CF68D4400B049B0 = {
			isa = PBXGroup;
			children = (
				3AB9FA9F1CF68D6300B049B0 /* UIButton+CountDown.h */,
				3AB9FAA01CF68D6300B049B0 /* UIButton+CountDown.m */,
				3AB9FA6B1CF68D4400B049B0 /* CountdownButton */,
				3AB9FA851CF68D4500B049B0 /* CountdownButtonTests */,
				3AB9FA901CF68D4500B049B0 /* CountdownButtonUITests */,
				3AB9FA6A1CF68D4400B049B0 /* Products */,
			);
			sourceTree = "<group>";
		};
		3AB9FA6A1CF68D4400B049B0 /* Products */ = {
			isa = PBXGroup;
			children = (
				3AB9FA691CF68D4400B049B0 /* CountdownButton.app */,
				3AB9FA821CF68D4500B049B0 /* CountdownButtonTests.xctest */,
				3AB9FA8D1CF68D4500B049B0 /* CountdownButtonUITests.xctest */,
			);
			name = Products;
			sourceTree = "<group>";
		};
		3AB9FA6B1CF68D4400B049B0 /* CountdownButton */ = {
			isa = PBXGroup;
			children = (
				3AB9FA6F1CF68D4400B049B0 /* AppDelegate.h */,
				3AB9FA701CF68D4400B049B0 /* AppDelegate.m */,
				3AB9FA721CF68D4400B049B0 /* ViewController.h */,
				3AB9FA731CF68D4400B049B0 /* ViewController.m */,
				3AB9FA751CF68D4400B049B0 /* Main.storyboard */,
				3AB9FA781CF68D4500B049B0 /* Assets.xcassets */,
				3AB9FA7A1CF68D4500B049B0 /* LaunchScreen.storyboard */,
				3AB9FA7D1CF68D4500B049B0 /* Info.plist */,
				3AB9FA6C1CF68D4400B049B0 /* Supporting Files */,
			);
			path = CountdownButton;
			sourceTree = "<group>";
		};
		3AB9FA6C1CF68D4400B049B0 /* Supporting Files */ = {
			isa = PBXGroup;
			children = (
				3AB9FA6D1CF68D4400B049B0 /* main.m */,
			);
			name = "Supporting Files";
			sourceTree = "<group>";
		};
		3AB9FA851CF68D4500B049B0 /* CountdownButtonTests */ = {
			isa = PBXGroup;
			children = (
				3AB9FA861CF68D4500B049B0 /* CountdownButtonTests.m */,
				3AB9FA881CF68D4500B049B0 /* Info.plist */,
			);
			path = CountdownButtonTests;
			sourceTree = "<group>";
		};
		3AB9FA901CF68D4500B049B0 /* CountdownButtonUITests */ = {
			isa = PBXGroup;
			children = (
				3AB9FA911CF68D4500B049B0 /* CountdownButtonUITests.m */,
				3AB9FA931CF68D4500B049B0 /* Info.plist */,
			);
			path = CountdownButtonUITests;
			sourceTree = "<group>";
		};
/* End PBXGroup section */

/* Begin PBXNativeTarget section */
		3AB9FA681CF68D4400B049B0 /* CountdownButton */ = {
			isa = PBXNativeTarget;
			buildConfigurationList = 3AB9FA961CF68D4500B049B0 /* Build configuration list for PBXNativeTarget "CountdownButton" */;
			buildPhases = (
				3AB9FA651CF68D4400B049B0 /* Sources */,
				3AB9FA661CF68D4400B049B0 /* Frameworks */,
				3AB9FA671CF68D4400B049B0 /* Resources */,
			);
			buildRules = (
			);
			dependencies = (
			);
			name = CountdownButton;
			productName = CountdownButton;
			productReference = 3AB9FA691CF68D4400B049B0 /* CountdownButton.app */;
			productType = "com.apple.product-type.application";
		};
		3AB9FA811CF68D4500B049B0 /* CountdownButtonTests */ = {
			isa = PBXNativeTarget;
			buildConfigurationList = 3AB9FA991CF68D4500B049B0 /* Build configuration list for PBXNativeTarget "CountdownButtonTests" */;
			buildPhases = (
				3AB9FA7E1CF68D4500B049B0 /* Sources */,
				3AB9FA7F1CF68D4500B049B0 /* Frameworks */,
				3AB9FA801CF68D4500B049B0 /* Resources */,
			);
			buildRules = (
			);
			dependencies = (
				3AB9FA841CF68D4500B049B0 /* PBXTargetDependency */,
			);
			name = CountdownButtonTests;
			productName = CountdownButtonTests;
			productReference = 3AB9FA821CF68D4500B049B0 /* CountdownButtonTests.xctest */;
			productType = "com.apple.product-type.bundle.unit-test";
		};
		3AB9FA8C1CF68D4500B049B0 /* CountdownButtonUITests */ = {
			isa = PBXNativeTarget;
			buildConfigurationList = 3AB9FA9C1CF68D4500B049B0 /* Build configuration list for PBXNativeTarget "CountdownButtonUITests" */;
			buildPhases = (
				3AB9FA891CF68D4500B049B0 /* Sources */,
				3AB9FA8A1CF68D4500B049B0 /* Frameworks */,
				3AB9FA8B1CF68D4500B049B0 /* Resources */,
			);
			buildRules = (
			);
			dependencies = (
				3AB9FA8F1CF68D4500B049B0 /* PBXTargetDependency */,
			);
			name = CountdownButtonUITests;
			productName = CountdownButtonUITests;
			productReference = 3AB9FA8D1CF68D4500B049B0 /* CountdownButtonUITests.xctest */;
			productType = "com.apple.product-type.bundle.ui-testing";
		};
/* End PBXNativeTarget section */

/* Begin PBXProject section */
		3AB9FA611CF68D4400B049B0 /* Project object */ = {
			isa = PBXProject;
			attributes = {
				LastUpgradeCheck = 0730;
				ORGANIZATIONNAME = "Liu Bo";
				TargetAttributes = {
					3AB9FA681CF68D4400B049B0 = {
						CreatedOnToolsVersion = 7.3;
					};
					3AB9FA811CF68D4500B049B0 = {
						CreatedOnToolsVersion = 7.3;
						TestTargetID = 3AB9FA681CF68D4400B049B0;
					};
					3AB9FA8C1CF68D4500B049B0 = {
						CreatedOnToolsVersion = 7.3;
						TestTargetID = 3AB9FA681CF68D4400B049B0;
					};
				};
			};
			buildConfigurationList = 3AB9FA641CF68D4400B049B0 /* Build configuration list for PBXProject "CountdownButton" */;
			compatibilityVersion = "Xcode 3.2";
			developmentRegion = English;
			hasScannedForEncodings = 0;
			knownRegions = (
				en,
				Base,
			);
			mainGroup = 3AB9FA601CF68D4400B049B0;
			productRefGroup = 3AB9FA6A1CF68D4400B049B0 /* Products */;
			projectDirPath = "";
			projectRoot = "";
			targets = (
				3AB9FA681CF68D4400B049B0 /* CountdownButton */,
				3AB9FA811CF68D4500B049B0 /* CountdownButtonTests */,
				3AB9FA8C1CF68D4500B049B0 /* CountdownButtonUITests */,
			);
		};
/* End PBXProject section */

/* Begin PBXResourcesBuildPhase section */
		3AB9FA671CF68D4400B049B0 /* Resources */ = {
			isa = PBXResourcesBuildPhase;
			buildActionMask = 2147483647;
			files = (
				3AB9FA7C1CF68D4500B049B0 /* LaunchScreen.storyboard in Resources */,
				3AB9FA791CF68D4500B049B0 /* Assets.xcassets in Resources */,
				3AB9FA771CF68D4400B049B0 /* Main.storyboard in Resources */,
			);
			runOnlyForDeploymentPostprocessing = 0;
		};
		3AB9FA801CF68D4500B049B0 /* Resources */ = {
			isa = PBXResourcesBuildPhase;
			buildActionMask = 2147483647;
			files = (
			);
			runOnlyForDeploymentPostprocessing = 0;
		};
		3AB9FA8B1CF68D4500B049B0 /* Resources */ = {
			isa = PBXResourcesBuildPhase;
			buildActionMask = 2147483647;
			files = (
			);
			runOnlyForDeploymentPostprocessing = 0;
		};
/* End PBXResourcesBuildPhase section */

/* Begin PBXSourcesBuildPhase section */
		3AB9FA651CF68D4400B049B0 /* Sources */ = {
			isa = PBXSourcesBuildPhase;
			buildActionMask = 2147483647;
			files = (
				3AB9FA741CF68D4400B049B0 /* ViewController.m in Sources */,
				3AB9FAA11CF68D6300B049B0 /* UIButton+CountDown.m in Sources */,
				3AB9FA711CF68D4400B049B0 /* AppDelegate.m in Sources */,
				3AB9FA6E1CF68D4400B049B0 /* main.m in Sources */,
			);
			runOnlyForDeploymentPostprocessing = 0;
		};
		3AB9FA7E1CF68D4500B049B0 /* Sources */ = {
			isa = PBXSourcesBuildPhase;
			buildActionMask = 2147483647;
			files = (
				3AB9FA871CF68D4500B049B0 /* CountdownButtonTests.m in Sources */,
			);
			runOnlyForDeploymentPostprocessing = 0;
		};
		3AB9FA891CF68D4500B049B0 /* Sources */ = {
			isa = PBXSourcesBuildPhase;
			buildActionMask = 2147483647;
			files = (
				3AB9FA921CF68D4500B049B0 /* CountdownButtonUITests.m in Sources */,
			);
			runOnlyForDeploymentPostprocessing = 0;
		};
/* End PBXSourcesBuildPhase section */

/* Begin PBXTargetDependency section */
		3AB9FA841CF68D4500B049B0 /* PBXTargetDependency */ = {
			isa = PBXTargetDependency;
			target = 3AB9FA681CF68D4400B049B0 /* CountdownButton */;
			targetProxy = 3AB9FA831CF68D4500B049B0 /* PBXContainerItemProxy */;
		};
		3AB9FA8F1CF68D4500B049B0 /* PBXTargetDependency */ = {
			isa = PBXTargetDependency;
			target = 3AB9FA681CF68D4400B049B0 /* CountdownButton */;
			targetProxy = 3AB9FA8E1CF68D4500B049B0 /* PBXContainerItemProxy */;
		};
/* End PBXTargetDependency section */

/* Begin PBXVariantGroup section */
		3AB9FA751CF68D4400B049B0 /* Main.storyboard */ = {
			isa = PBXVariantGroup;
			children = (
				3AB9FA761CF68D4400B049B0 /* Base */,
			);
			name = Main.storyboard;
			sourceTree = "<group>";
		};
		3AB9FA7A1CF68D4500B049B0 /* LaunchScreen.storyboard */ = {
			isa = PBXVariantGroup;
			children = (
				3AB9FA7B1CF68D4500B049B0 /* Base */,
			);
			name = LaunchScreen.storyboard;
			sourceTree = "<group>";
		};
/* End PBXVariantGroup section */

/* Begin XCBuildConfiguration section */
		3AB9FA941CF68D4500B049B0 /* Debug */ = {
			isa = XCBuildConfiguration;
			buildSettings = {
				ALWAYS_SEARCH_USER_PATHS = NO;
				CLANG_ANALYZER_NONNULL = YES;
				CLANG_CXX_LANGUAGE_STANDARD = "gnu++0x";
				CLANG_CXX_LIBRARY = "libc++";
				CLANG_ENABLE_MODULES = YES;
				CLANG_ENABLE_OBJC_ARC = YES;
				CLANG_WARN_BOOL_CONVERSION = YES;
				CLANG_WARN_CONSTANT_CONVERSION = YES;
				CLANG_WARN_DIRECT_OBJC_ISA_USAGE = YES_ERROR;
				CLANG_WARN_EMPTY_BODY = YES;
				CLANG_WARN_ENUM_CONVERSION = YES;
				CLANG_WARN_INT_CONVERSION = YES;
				CLANG_WARN_OBJC_ROOT_CLASS = YES_ERROR;
				CLANG_WARN_UNREACHABLE_CODE = YES;
				CLANG_WARN__DUPLICATE_METHOD_MATCH = YES;
				"CODE_SIGN_IDENTITY[sdk=iphoneos*]" = "iPhone Developer";
				COPY_PHASE_STRIP = NO;
				DEBUG_INFORMATION_FORMAT = dwarf;
				ENABLE_STRICT_OBJC_MSGSEND = YES;
				ENABLE_TESTABILITY = YES;
				GCC_C_LANGUAGE_STANDARD = gnu99;
				GCC_DYNAMIC_NO_PIC = NO;
				GCC_NO_COMMON_BLOCKS = YES;
				GCC_OPTIMIZATION_LEVEL = 0;
				GCC_PREPROCESSOR_DEFINITIONS = (
					"DEBUG=1",
					"$(inherited)",
				);
				GCC_WARN_64_TO_32_BIT_CONVERSION = YES;
				GCC_WARN_ABOUT_RETURN_TYPE = YES_ERROR;
				GCC_WARN_UNDECLARED_SELECTOR = YES;
				GCC_WARN_UNINITIALIZED_AUTOS = YES_AGGRESSIVE;
				GCC_WARN_UNUSED_FUNCTION = YES;
				GCC_WARN_UNUSED_VARIABLE = YES;
				IPHONEOS_DEPLOYMENT_TARGET = 9.3;
				MTL_ENABLE_DEBUG_INFO = YES;
				ONLY_ACTIVE_ARCH = YES;
				SDKROOT = iphoneos;
				TARGETED_DEVICE_FAMILY = "1,2";
			};
			name = Debug;
		};
		3AB9FA951CF68D4500B049B0 /* Release */ = {
			isa = XCBuildConfiguration;
			buildSettings = {
				ALWAYS_SEARCH_USER_PATHS = NO;
				CLANG_ANALYZER_NONNULL = YES;
				CLANG_CXX_LANGUAGE_STANDARD = "gnu++0x";
				CLANG_CXX_LIBRARY = "libc++";
				CLANG_ENABLE_MODULES = YES;
				CLANG_ENABLE_OBJC_ARC = YES;
				CLANG_WARN_BOOL_CONVERSION = YES;
				CLANG_WARN_CONSTANT_CONVERSION = YES;
				CLANG_WARN_DIRECT_OBJC_ISA_USAGE = YES_ERROR;
				CLANG_WARN_EMPTY_BODY = YES;
				CLANG_WARN_ENUM_CONVERSION = YES;
				CLANG_WARN_INT_CONVERSION = YES;
				CLANG_WARN_OBJC_ROOT_CLASS = YES_ERROR;
				CLANG_WARN_UNREACHABLE_CODE = YES;
				CLANG_WARN__DUPLICATE_METHOD_MATCH = YES;
				"CODE_SIGN_IDENTITY[sdk=iphoneos*]" = "iPhone Developer";
				COPY_PHASE_STRIP = NO;
				DEBUG_INFORMATION_FORMAT = "dwarf-with-dsym";
				ENABLE_NS_ASSERTIONS = NO;
				ENABLE_STRICT_OBJC_MSGSEND = YES;
				GCC_C_LANGUAGE_STANDARD = gnu99;
				GCC_NO_COMMON_BLOCKS = YES;
				GCC_WARN_64_TO_32_BIT_CONVERSION = YES;
				GCC_WARN_ABOUT_RETURN_TYPE = YES_ERROR;
				GCC_WARN_UNDECLARED_SELECTOR = YES;
				GCC_WARN_UNINITIALIZED_AUTOS = YES_AGGRESSIVE;
				GCC_WARN_UNUSED_FUNCTION = YES;
				GCC_WARN_UNUSED_VARIABLE = YES;
				IPHONEOS_DEPLOYMENT_TARGET = 9.3;
				MTL_ENABLE_DEBUG_INFO = NO;
				SDKROOT = iphoneos;
				TARGETED_DEVICE_FAMILY = "1,2";
				VALIDATE_PRODUCT = YES;
			};
			name = Release;
		};
		3AB9FA971CF68D4500B049B0 /* Debug */ = {
			isa = XCBuildConfiguration;
			buildSettings = {
				ASSETCATALOG_COMPILER_APPICON_NAME = AppIcon;
				INFOPLIST_FILE = CountdownButton/Info.plist;
				LD_RUNPATH_SEARCH_PATHS = "$(inherited) @executable_path/Frameworks";
				PRODUCT_BUNDLE_IDENTIFIER = BlackBones.CountdownButton;
				PRODUCT_NAME = "$(TARGET_NAME)";
			};
			name = Debug;
		};
		3AB9FA981CF68D4500B049B0 /* Release */ = {
			isa = XCBuildConfiguration;
			buildSettings = {
				ASSETCATALOG_COMPILER_APPICON_NAME = AppIcon;
				INFOPLIST_FILE = CountdownButton/Info.plist;
				LD_RUNPATH_SEARCH_PATHS = "$(inherited) @executable_path/Frameworks";
				PRODUCT_BUNDLE_IDENTIFIER = BlackBones.CountdownButton;
				PRODUCT_NAME = "$(TARGET_NAME)";
			};
			name = Release;
		};
		3AB9FA9A1CF68D4500B049B0 /* Debug */ = {
			isa = XCBuildConfiguration;
			buildSettings = {
				BUNDLE_LOADER = "$(TEST_HOST)";
				INFOPLIST_FILE = CountdownButtonTests/Info.plist;
				LD_RUNPATH_SEARCH_PATHS = "$(inherited) @executable_path/Frameworks @loader_path/Frameworks";
				PRODUCT_BUNDLE_IDENTIFIER = BlackBones.CountdownButtonTests;
				PRODUCT_NAME = "$(TARGET_NAME)";
				TEST_HOST = "$(BUILT_PRODUCTS_DIR)/CountdownButton.app/CountdownButton";
			};
			name = Debug;
		};
		3AB9FA9B1CF68D4500B049B0 /* Release */ = {
			isa = XCBuildConfiguration;
			buildSettings = {
				BUNDLE_LOADER = "$(TEST_HOST)";
				INFOPLIST_FILE = CountdownButtonTests/Info.plist;
				LD_RUNPATH_SEARCH_PATHS = "$(inherited) @executable_path/Frameworks @loader_path/Frameworks";
				PRODUCT_BUNDLE_IDENTIFIER = BlackBones.CountdownButtonTests;
				PRODUCT_NAME = "$(TARGET_NAME)";
				TEST_HOST = "$(BUILT_PRODUCTS_DIR)/CountdownButton.app/CountdownButton";
			};
			name = Release;
		};
		3AB9FA9D1CF68D4500B049B0 /* Debug */ = {
			isa = XCBuildConfiguration;
			buildSettings = {
				INFOPLIST_FILE = CountdownButtonUITests/Info.plist;
				LD_RUNPATH_SEARCH_PATHS = "$(inherited) @executable_path/Frameworks @loader_path/Frameworks";
				PRODUCT_BUNDLE_IDENTIFIER = BlackBones.CountdownButtonUITests;
				PRODUCT_NAME = "$(TARGET_NAME)";
				TEST_TARGET_NAME = CountdownButton;
			};
			name = Debug;
		};
		3AB9FA9E1CF68D4500B049B0 /* Release */ = {
			isa = XCBuildConfiguration;
			buildSettings = {
				INFOPLIST_FILE = CountdownButtonUITests/Info.plist;
				LD_RUNPATH_SEARCH_PATHS = "$(inherited) @executable_path/Frameworks @loader_path/Frameworks";
				PRODUCT_BUNDLE_IDENTIFIER = BlackBones.CountdownButtonUITests;
				PRODUCT_NAME = "$(TARGET_NAME)";
				TEST_TARGET_NAME = CountdownButton;
			};
			name = Release;
		};
/* End XCBuildConfiguration section */

/* Begin XCConfigurationList section */
		3AB9FA641CF68D4400B049B0 /* Build configuration list for PBXProject "CountdownButton" */ = {
			isa = XCConfigurationList;
			buildConfigurations = (
				3AB9FA941CF68D4500B049B0 /* Debug */,
				3AB9FA951CF68D4500B049B0 /* Release */,
			);
			defaultConfigurationIsVisible = 0;
			defaultConfigurationName = Release;
		};
		3AB9FA961CF68D4500B049B0 /* Build configuration list for PBXNativeTarget "CountdownButton" */ = {
			isa = XCConfigurationList;
			buildConfigurations = (
				3AB9FA971CF68D4500B049B0 /* Debug */,
				3AB9FA981CF68D4500B049B0 /* Release */,
			);
			defaultConfigurationIsVisible = 0;
		};
		3AB9FA991CF68D4500B049B0 /* Build configuration list for PBXNativeTarget "CountdownButtonTests" */ = {
			isa = XCConfigurationList;
			buildConfigurations = (
				3AB9FA9A1CF68D4500B049B0 /* Debug */,
				3AB9FA9B1CF68D4500B049B0 /* Release */,
			);
			defaultConfigurationIsVisible = 0;
		};
		3AB9FA9C1CF68D4500B049B0 /* Build configuration list for PBXNativeTarget "CountdownButtonUITests" */ = {
			isa = XCConfigurationList;
			buildConfigurations = (
				3AB9FA9D1CF68D4500B049B0 /* Debug */,
				3AB9FA9E1CF68D4500B049B0 /* Release */,
			);
			defaultConfigurationIsVisible = 0;
		};
/* End XCConfigurationList section */
	};
	rootObject = 3AB9FA611CF68D4400B049B0 /* Project object */;
}
